
Microsoft Visual Studio Solution File, Format Version 12.00
# Visual Studio Version 16
VisualStudioVersion = 16.0.29318.209
MinimumVisualStudioVersion = 10.0.40219.1
Project("{FAE04EC0-301F-11D3-BF4B-00C04F79EFBC}") = "WebApplicationWebServiceCSharp", "WebApplicationWebServiceCSharp\WebApplicationWebServiceCSharp.csproj", "{FBECCDC3-F22F-4DD8-BCD7-93CFBDCA4EA3}"
EndProject
Project("{FAE04EC0-301F-11D3-BF4B-00C04F79EFBC}") = "ConsoleApp1", "ConsoleApp1\ConsoleApp1.csproj", "{22834A16-7657-43C0-AD41-6BA562BA1860}"
EndProject
Global
	GlobalSection(SolutionConfigurationPlatforms) = preSolution
		Debug|Any CPU = Debug|Any CPU
		Release|Any CPU = Release|Any CPU
	EndGlobalSection
	GlobalSection(ProjectConfigurationPlatforms) = postSolution
		{FBECCDC3-F22F-4DD8-BCD7-93CFBDCA4EA3}.Debug|Any CPU.ActiveCfg = Debug|Any CPU
		{FBECCDC3-F22F-4DD8-BCD7-93CFBDCA4EA3}.Debug|Any CPU.Build.0 = Debug|Any CPU
		{FBECCDC3-F22F-4DD8-BCD7-93CFBDCA4EA3}.Release|Any CPU.ActiveCfg = Release|Any CPU
		{FBECCDC3-F22F-4DD8-BCD7-93CFBDCA4EA3}.Release|Any CPU.Build.0 = Release|Any CPU
		{22834A16-7657-43C0-AD41-6BA562BA1860}.Debug|Any CPU.ActiveCfg = Debug|Any CPU
		{22834A16-7657-43C0-AD41-6BA562BA1860}.Debug|Any CPU.Build.0 = Debug|Any CPU
		{22834A16-7657-43C0-AD41-6BA562BA1860}.Release|Any CPU.ActiveCfg = Release|Any CPU
		{22834A16-7657-43C0-AD41-6BA562BA1860}.Release|Any CPU.Build.0 = Release|Any CPU
	EndGlobalSection
	GlobalSection(SolutionProperties) = preSolution
		HideSolutionNode = FALSE
	EndGlobalSection
	GlobalSection(ExtensibilityGlobals) = postSolution
		SolutionGuid = {E7C5A2A9-CF24-4891-97D4-5BFC52F90974}
	EndGlobalSection
EndGlobal
